
Microsoft Visual Studio Solution File, Format Version 12.00
# Visual Studio Version 18
VisualStudioVersion = 18.0.11010.61
MinimumVisualStudioVersion = 10.0.40219.1
Project("{9A19103F-16F7-4668-BE54-9A1E7A4F7556}") = "LegendsViewer.Backend", "LegendsViewer.Backend\LegendsViewer.Backend.csproj", "{F46548D3-818A-4C12-A4AD-28D132E745DD}"
EndProject
Project("{9A19103F-16F7-4668-BE54-9A1E7A4F7556}") = "LegendsViewer.Frontend", "LegendsViewer.Frontend\LegendsViewer.Frontend.csproj", "{9AD21B79-09BC-4C21-B181-27BF65999DD4}"
EndProject
Project("{2150E333-8FDC-42A3-9474-1A3956D46DE8}") = "Solution", "Solution", "{C001882B-B859-4E9F-B8F6-DFFA2759785F}"
	ProjectSection(SolutionItems) = preProject
		.gitignore = .gitignore
		LICENSE = LICENSE
		README.md = README.md
	EndProjectSection
EndProject
Project("{FAE04EC0-301F-11D3-BF4B-00C04F79EFBC}") = "LegendsViewer.Backend.Tests", "LegendsViewer.Backend.Tests\LegendsViewer.Backend.Tests.csproj", "{A65185CD-FBE4-4FE7-96F6-B0D188CC775D}"
	ProjectSection(ProjectDependencies) = postProject
		{F46548D3-818A-4C12-A4AD-28D132E745DD} = {F46548D3-818A-4C12-A4AD-28D132E745DD}
	EndProjectSection
EndProject
Project("{FAE04EC0-301F-11D3-BF4B-00C04F79EFBC}") = "LegendsViewer.Backend.Benchmarks", "LegendsViewer.Backend.Benchmarks\LegendsViewer.Backend.Benchmarks.csproj", "{E3082B85-D77F-F841-DAB4-3662CAD70C9E}"
EndProject
Global
	GlobalSection(SolutionConfigurationPlatforms) = preSolution
		Debug|Any CPU = Debug|Any CPU
		Debug|x64 = Debug|x64
		Debug|x86 = Debug|x86
		Release|Any CPU = Release|Any CPU
		Release|x64 = Release|x64
		Release|x86 = Release|x86
	EndGlobalSection
	GlobalSection(ProjectConfigurationPlatforms) = postSolution
		{F46548D3-818A-4C12-A4AD-28D132E745DD}.Debug|Any CPU.ActiveCfg = Debug|Any CPU
		{F46548D3-818A-4C12-A4AD-28D132E745DD}.Debug|Any CPU.Build.0 = Debug|Any CPU
		{F46548D3-818A-4C12-A4AD-28D132E745DD}.Debug|x64.ActiveCfg = Debug|Any CPU
		{F46548D3-818A-4C12-A4AD-28D132E745DD}.Debug|x64.Build.0 = Debug|Any CPU
		{F46548D3-818A-4C12-A4AD-28D132E745DD}.Debug|x86.ActiveCfg = Debug|Any CPU
		{F46548D3-818A-4C12-A4AD-28D132E745DD}.Debug|x86.Build.0 = Debug|Any CPU
		{F46548D3-818A-4C12-A4AD-28D132E745DD}.Release|Any CPU.ActiveCfg = Release|Any CPU
		{F46548D3-818A-4C12-A4AD-28D132E745DD}.Release|Any CPU.Build.0 = Release|Any CPU
		{F46548D3-818A-4C12-A4AD-28D132E745DD}.Release|x64.ActiveCfg = Release|Any CPU
		{F46548D3-818A-4C12-A4AD-28D132E745DD}.Release|x64.Build.0 = Release|Any CPU
		{F46548D3-818A-4C12-A4AD-28D132E745DD}.Release|x86.ActiveCfg = Release|Any CPU
		{F46548D3-818A-4C12-A4AD-28D132E745DD}.Release|x86.Build.0 = Release|Any CPU
		{9AD21B79-09BC-4C21-B181-27BF65999DD4}.Debug|Any CPU.ActiveCfg = Debug|Any CPU
		{9AD21B79-09BC-4C21-B181-27BF65999DD4}.Debug|Any CPU.Build.0 = Debug|Any CPU
		{9AD21B79-09BC-4C21-B181-27BF65999DD4}.Debug|x64.ActiveCfg = Debug|Any CPU
		{9AD21B79-09BC-4C21-B181-27BF65999DD4}.Debug|x64.Build.0 = Debug|Any CPU
		{9AD21B79-09BC-4C21-B181-27BF65999DD4}.Debug|x86.ActiveCfg = Debug|Any CPU
		{9AD21B79-09BC-4C21-B181-27BF65999DD4}.Debug|x86.Build.0 = Debug|Any CPU
		{9AD21B79-09BC-4C21-B181-27BF65999DD4}.Release|Any CPU.ActiveCfg = Release|Any CPU
		{9AD21B79-09BC-4C21-B181-27BF65999DD4}.Release|Any CPU.Build.0 = Release|Any CPU
		{9AD21B79-09BC-4C21-B181-27BF65999DD4}.Release|x64.ActiveCfg = Release|Any CPU
		{9AD21B79-09BC-4C21-B181-27BF65999DD4}.Release|x64.Build.0 = Release|Any CPU
		{9AD21B79-09BC-4C21-B181-27BF65999DD4}.Release|x86.ActiveCfg = Release|Any CPU
		{9AD21B79-09BC-4C21-B181-27BF65999DD4}.Release|x86.Build.0 = Release|Any CPU
		{A65185CD-FBE4-4FE7-96F6-B0D188CC775D}.Debug|Any CPU.ActiveCfg = Debug|Any CPU
		{A65185CD-FBE4-4FE7-96F6-B0D188CC775D}.Debug|Any CPU.Build.0 = Debug|Any CPU
		{A65185CD-FBE4-4FE7-96F6-B0D188CC775D}.Debug|x64.ActiveCfg = Debug|Any CPU
		{A65185CD-FBE4-4FE7-96F6-B0D188CC775D}.Debug|x64.Build.0 = Debug|Any CPU
		{A65185CD-FBE4-4FE7-96F6-B0D188CC775D}.Debug|x86.ActiveCfg = Debug|Any CPU
		{A65185CD-FBE4-4FE7-96F6-B0D188CC775D}.Debug|x86.Build.0 = Debug|Any CPU
		{A65185CD-FBE4-4FE7-96F6-B0D188CC775D}.Release|Any CPU.ActiveCfg = Release|Any CPU
		{A65185CD-FBE4-4FE7-96F6-B0D188CC775D}.Release|Any CPU.Build.0 = Release|Any CPU
		{A65185CD-FBE4-4FE7-96F6-B0D188CC775D}.Release|x64.ActiveCfg = Release|Any CPU
		{A65185CD-FBE4-4FE7-96F6-B0D188CC775D}.Release|x64.Build.0 = Release|Any CPU
		{A65185CD-FBE4-4FE7-96F6-B0D188CC775D}.Release|x86.ActiveCfg = Release|Any CPU
		{A65185CD-FBE4-4FE7-96F6-B0D188CC775D}.Release|x86.Build.0 = Release|Any CPU
		{E3082B85-D77F-F841-DAB4-3662CAD70C9E}.Debug|Any CPU.ActiveCfg = Debug|Any CPU
		{E3082B85-D77F-F841-DAB4-3662CAD70C9E}.Debug|Any CPU.Build.0 = Debug|Any CPU
		{E3082B85-D77F-F841-DAB4-3662CAD70C9E}.Debug|x64.ActiveCfg = Debug|Any CPU
		{E3082B85-D77F-F841-DAB4-3662CAD70C9E}.Debug|x64.Build.0 = Debug|Any CPU
		{E3082B85-D77F-F841-DAB4-3662CAD70C9E}.Debug|x86.ActiveCfg = Debug|Any CPU
		{E3082B85-D77F-F841-DAB4-3662CAD70C9E}.Debug|x86.Build.0 = Debug|Any CPU
		{E3082B85-D77F-F841-DAB4-3662CAD70C9E}.Release|Any CPU.ActiveCfg = Release|Any CPU
		{E3082B85-D77F-F841-DAB4-3662CAD70C9E}.Release|Any CPU.Build.0 = Release|Any CPU
		{E3082B85-D77F-F841-DAB4-3662CAD70C9E}.Release|x64.ActiveCfg = Release|Any CPU
		{E3082B85-D77F-F841-DAB4-3662CAD70C9E}.Release|x64.Build.0 = Release|Any CPU
		{E3082B85-D77F-F841-DAB4-3662CAD70C9E}.Release|x86.ActiveCfg = Release|Any CPU
		{E3082B85-D77F-F841-DAB4-3662CAD70C9E}.Release|x86.Build.0 = Release|Any CPU
	EndGlobalSection
	GlobalSection(SolutionProperties) = preSolution
		HideSolutionNode = FALSE
	EndGlobalSection
	GlobalSection(ExtensibilityGlobals) = postSolution
		SolutionGuid = {0B0B633E-EFFC-4F3E-A74B-D6240E4A974F}
	EndGlobalSection
EndGlobal
